// !$*UTF8*$!
{
	archiveVersion = 1;
	classes = {
	};
	objectVersion = 46;
	objects = {

/* Begin PBXBuildFile section */
		9A8BC826186CDF6C00E09A7A /* PIOCreateItemRequest.m in Sources */ = {isa = PBXBuildFile; fileRef = 9A8BC825186CDF6C00E09A7A /* PIOCreateItemRequest.m */; };
		9A8BC829186CE12D00E09A7A /* PIOCreateUserRequest.m in Sources */ = {isa = PBXBuildFile; fileRef = 9A8BC828186CE12D00E09A7A /* PIOCreateUserRequest.m */; };
		9A8BC82C186CE34000E09A7A /* PIOItem.m in Sources */ = {isa = PBXBuildFile; fileRef = 9A8BC82B186CE34000E09A7A /* PIOItem.m */; };
		9A8BC82F186CE44600E09A7A /* PIOItemRecGetTopNRequest.m in Sources */ = {isa = PBXBuildFile; fileRef = 9A8BC82E186CE44600E09A7A /* PIOItemRecGetTopNRequest.m */; };
		9A8BC832186CE77800E09A7A /* PIOItemSimGetTopNRequest.m in Sources */ = {isa = PBXBuildFile; fileRef = 9A8BC831186CE77800E09A7A /* PIOItemSimGetTopNRequest.m */; };
		9A8BC835186CEC5000E09A7A /* PIOUser.m in Sources */ = {isa = PBXBuildFile; fileRef = 9A8BC834186CEC5000E09A7A /* PIOUser.m */; };
		9A8BC838186CEDF000E09A7A /* PIOUserActionItemRequest.m in Sources */ = {isa = PBXBuildFile; fileRef = 9A8BC837186CEDF000E09A7A /* PIOUserActionItemRequest.m */; };
		9A974175186CC23600BE4C94 /* Foundation.framework in Frameworks */ = {isa = PBXBuildFile; fileRef = 9A974174186CC23600BE4C94 /* Foundation.framework */; };
		9A97417A186CC23600BE4C94 /* PIOClient.h in Copy Files */ = {isa = PBXBuildFile; fileRef = 9A974179186CC23600BE4C94 /* PIOClient.h */; };
		9A97417C186CC23600BE4C94 /* PIOClient.m in Sources */ = {isa = PBXBuildFile; fileRef = 9A97417B186CC23600BE4C94 /* PIOClient.m */; };
		9A974183186CC23600BE4C94 /* XCTest.framework in Frameworks */ = {isa = PBXBuildFile; fileRef = 9A974182186CC23600BE4C94 /* XCTest.framework */; };
		9A974184186CC23600BE4C94 /* Foundation.framework in Frameworks */ = {isa = PBXBuildFile; fileRef = 9A974174186CC23600BE4C94 /* Foundation.framework */; };
		9A974186186CC23600BE4C94 /* UIKit.framework in Frameworks */ = {isa = PBXBuildFile; fileRef = 9A974185186CC23600BE4C94 /* UIKit.framework */; };
		9A974189186CC23600BE4C94 /* libPredictionIO-iOS-SDK.a in Frameworks */ = {isa = PBXBuildFile; fileRef = 9A974171186CC23600BE4C94 /* libPredictionIO-iOS-SDK.a */; };
		9A97418F186CC23600BE4C94 /* InfoPlist.strings in Resources */ = {isa = PBXBuildFile; fileRef = 9A97418D186CC23600BE4C94 /* InfoPlist.strings */; };
		9A974191186CC23600BE4C94 /* PredictionIOTests.m in Sources */ = {isa = PBXBuildFile; fileRef = 9A974190186CC23600BE4C94 /* PredictionIOTests.m */; };
		9ADE4BBF1871606A0076326B /* AFHTTPRequestOperation.m in Sources */ = {isa = PBXBuildFile; fileRef = 9ADE4BBA1871606A0076326B /* AFHTTPRequestOperation.m */; };
		9ADE4BC01871606A0076326B /* AFHTTPRequestOperationManager.m in Sources */ = {isa = PBXBuildFile; fileRef = 9ADE4BBC1871606A0076326B /* AFHTTPRequestOperationManager.m */; };
		9ADE4BC11871606A0076326B /* AFURLConnectionOperation.m in Sources */ = {isa = PBXBuildFile; fileRef = 9ADE4BBE1871606A0076326B /* AFURLConnectionOperation.m */; };
		9ADE4BCA187161490076326B /* AFNetworkReachabilityManager.m in Sources */ = {isa = PBXBuildFile; fileRef = 9ADE4BC3187161490076326B /* AFNetworkReachabilityManager.m */; };
		9ADE4BCB187161490076326B /* AFSecurityPolicy.m in Sources */ = {isa = PBXBuildFile; fileRef = 9ADE4BC5187161490076326B /* AFSecurityPolicy.m */; };
		9ADE4BCC187161490076326B /* AFURLRequestSerialization.m in Sources */ = {isa = PBXBuildFile; fileRef = 9ADE4BC7187161490076326B /* AFURLRequestSerialization.m */; };
		9ADE4BCD187161490076326B /* AFURLResponseSerialization.m in Sources */ = {isa = PBXBuildFile; fileRef = 9ADE4BC9187161490076326B /* AFURLResponseSerialization.m */; };
		FA40EAF818F49247002AFB2C /* FoodEntry.m in Sources */ = {isa = PBXBuildFile; fileRef = FA40EAF718F49247002AFB2C /* FoodEntry.m */; };
		FA40EAF918F498E8002AFB2C /* libPredictionIO-iOS-SDK.a in Frameworks */ = {isa = PBXBuildFile; fileRef = 9A974171186CC23600BE4C94 /* libPredictionIO-iOS-SDK.a */; };
		FA4A111018FEFCB900F82C91 /* TopRecViewController.m in Sources */ = {isa = PBXBuildFile; fileRef = FA4A110F18FEFCB900F82C91 /* TopRecViewController.m */; };
		FA8C24FD18CFBDBF007B0873 /* testitem.json in Resources */ = {isa = PBXBuildFile; fileRef = FA8C24FC18CFBDBF007B0873 /* testitem.json */; };
		FA8C250118CFBDF5007B0873 /* PIOMessage.m in Sources */ = {isa = PBXBuildFile; fileRef = FA8C250018CFBDF5007B0873 /* PIOMessage.m */; };
		FA8C250518CFEEB9007B0873 /* testmessage.json in Resources */ = {isa = PBXBuildFile; fileRef = FA8C250318CFEEB9007B0873 /* testmessage.json */; };
		FA8C250618CFEEB9007B0873 /* testuser.json in Resources */ = {isa = PBXBuildFile; fileRef = FA8C250418CFEEB9007B0873 /* testuser.json */; };
		FA93702C18F72BED00C7C120 /* UserViewController.m in Sources */ = {isa = PBXBuildFile; fileRef = FA93702B18F72BED00C7C120 /* UserViewController.m */; };
		FA93C88318F5E10300CCE57A /* PAImageView.m in Sources */ = {isa = PBXBuildFile; fileRef = FA93C88218F5E10300CCE57A /* PAImageView.m */; };
		FA93C88618F5E12600CCE57A /* AMRatingControl.m in Sources */ = {isa = PBXBuildFile; fileRef = FA93C88518F5E12600CCE57A /* AMRatingControl.m */; };
		FABC307518F464C600453EC6 /* food_simple.json in Resources */ = {isa = PBXBuildFile; fileRef = FABC307418F464C600453EC6 /* food_simple.json */; };
		FABC307918F4688400453EC6 /* MBProgressHUD.m in Sources */ = {isa = PBXBuildFile; fileRef = FABC307818F4688400453EC6 /* MBProgressHUD.m */; };
		FADFDAFD18F36A74006AFD8A /* Foundation.framework in Frameworks */ = {isa = PBXBuildFile; fileRef = 9A974174186CC23600BE4C94 /* Foundation.framework */; };
		FADFDAFF18F36A74006AFD8A /* CoreGraphics.framework in Frameworks */ = {isa = PBXBuildFile; fileRef = FADFDAFE18F36A74006AFD8A /* CoreGraphics.framework */; };
		FADFDB0018F36A74006AFD8A /* UIKit.framework in Frameworks */ = {isa = PBXBuildFile; fileRef = 9A974185186CC23600BE4C94 /* UIKit.framework */; };
		FADFDB0618F36A74006AFD8A /* InfoPlist.strings in Resources */ = {isa = PBXBuildFile; fileRef = FADFDB0418F36A74006AFD8A /* InfoPlist.strings */; };
		FADFDB0818F36A74006AFD8A /* main.m in Sources */ = {isa = PBXBuildFile; fileRef = FADFDB0718F36A74006AFD8A /* main.m */; };
		FADFDB0C18F36A74006AFD8A /* AppDelegate.m in Sources */ = {isa = PBXBuildFile; fileRef = FADFDB0B18F36A74006AFD8A /* AppDelegate.m */; };
		FADFDB0F18F36A74006AFD8A /* Main.storyboard in Resources */ = {isa = PBXBuildFile; fileRef = FADFDB0D18F36A74006AFD8A /* Main.storyboard */; };
		FADFDB1218F36A74006AFD8A /* MasterViewController.m in Sources */ = {isa = PBXBuildFile; fileRef = FADFDB1118F36A74006AFD8A /* MasterViewController.m */; };
		FADFDB1518F36A74006AFD8A /* DetailViewController.m in Sources */ = {isa = PBXBuildFile; fileRef = FADFDB1418F36A74006AFD8A /* DetailViewController.m */; };
		FADFDB1718F36A74006AFD8A /* Images.xcassets in Resources */ = {isa = PBXBuildFile; fileRef = FADFDB1618F36A74006AFD8A /* Images.xcassets */; };
/* End PBXBuildFile section */

/* Begin PBXContainerItemProxy section */
		9A974187186CC23600BE4C94 /* PBXContainerItemProxy */ = {
			isa = PBXContainerItemProxy;
			containerPortal = 9A974169186CC23600BE4C94 /* Project object */;
			proxyType = 1;
			remoteGlobalIDString = 9A974170186CC23600BE4C94;
			remoteInfo = "PredictionIO-iOS-SDK";
		};
/* End PBXContainerItemProxy section */

/* Begin PBXCopyFilesBuildPhase section */
		9A97416F186CC23600BE4C94 /* Copy Files */ = {
			isa = PBXCopyFilesBuildPhase;
			buildActionMask = 2147483647;
			dstPath = "include/$(PRODUCT_NAME)";
			dstSubfolderSpec = 16;
			files = (
				9A97417A186CC23600BE4C94 /* PIOClient.h in Copy Files */,
			);
			name = "Copy Files";
			runOnlyForDeploymentPostprocessing = 0;
		};
/* End PBXCopyFilesBuildPhase section */

/* Begin PBXFileReference section */
		9A8BC824186CDF6C00E09A7A /* PIOCreateItemRequest.h */ = {isa = PBXFileReference; fileEncoding = 4; lastKnownFileType = sourcecode.c.h; path = PIOCreateItemRequest.h; sourceTree = "<group>"; };
		9A8BC825186CDF6C00E09A7A /* PIOCreateItemRequest.m */ = {isa = PBXFileReference; fileEncoding = 4; lastKnownFileType = sourcecode.c.objc; path = PIOCreateItemRequest.m; sourceTree = "<group>"; };
		9A8BC827186CE12D00E09A7A /* PIOCreateUserRequest.h */ = {isa = PBXFileReference; fileEncoding = 4; lastKnownFileType = sourcecode.c.h; path = PIOCreateUserRequest.h; sourceTree = "<group>"; };
		9A8BC828186CE12D00E09A7A /* PIOCreateUserRequest.m */ = {isa = PBXFileReference; fileEncoding = 4; lastKnownFileType = sourcecode.c.objc; path = PIOCreateUserRequest.m; sourceTree = "<group>"; };
		9A8BC82A186CE34000E09A7A /* PIOItem.h */ = {isa = PBXFileReference; fileEncoding = 4; lastKnownFileType = sourcecode.c.h; path = PIOItem.h; sourceTree = "<group>"; };
		9A8BC82B186CE34000E09A7A /* PIOItem.m */ = {isa = PBXFileReference; fileEncoding = 4; lastKnownFileType = sourcecode.c.objc; path = PIOItem.m; sourceTree = "<group>"; };
		9A8BC82D186CE44600E09A7A /* PIOItemRecGetTopNRequest.h */ = {isa = PBXFileReference; fileEncoding = 4; lastKnownFileType = sourcecode.c.h; path = PIOItemRecGetTopNRequest.h; sourceTree = "<group>"; };
		9A8BC82E186CE44600E09A7A /* PIOItemRecGetTopNRequest.m */ = {isa = PBXFileReference; fileEncoding = 4; lastKnownFileType = sourcecode.c.objc; path = PIOItemRecGetTopNRequest.m; sourceTree = "<group>"; };
		9A8BC830186CE77800E09A7A /* PIOItemSimGetTopNRequest.h */ = {isa = PBXFileReference; fileEncoding = 4; lastKnownFileType = sourcecode.c.h; path = PIOItemSimGetTopNRequest.h; sourceTree = "<group>"; };
		9A8BC831186CE77800E09A7A /* PIOItemSimGetTopNRequest.m */ = {isa = PBXFileReference; fileEncoding = 4; lastKnownFileType = sourcecode.c.objc; path = PIOItemSimGetTopNRequest.m; sourceTree = "<group>"; };
		9A8BC833186CEC5000E09A7A /* PIOUser.h */ = {isa = PBXFileReference; fileEncoding = 4; lastKnownFileType = sourcecode.c.h; path = PIOUser.h; sourceTree = "<group>"; };
		9A8BC834186CEC5000E09A7A /* PIOUser.m */ = {isa = PBXFileReference; fileEncoding = 4; lastKnownFileType = sourcecode.c.objc; path = PIOUser.m; sourceTree = "<group>"; };
		9A8BC836186CEDF000E09A7A /* PIOUserActionItemRequest.h */ = {isa = PBXFileReference; fileEncoding = 4; lastKnownFileType = sourcecode.c.h; path = PIOUserActionItemRequest.h; sourceTree = "<group>"; };
		9A8BC837186CEDF000E09A7A /* PIOUserActionItemRequest.m */ = {isa = PBXFileReference; fileEncoding = 4; lastKnownFileType = sourcecode.c.objc; path = PIOUserActionItemRequest.m; sourceTree = "<group>"; };
		9A974171186CC23600BE4C94 /* libPredictionIO-iOS-SDK.a */ = {isa = PBXFileReference; explicitFileType = archive.ar; includeInIndex = 0; path = "libPredictionIO-iOS-SDK.a"; sourceTree = BUILT_PRODUCTS_DIR; };
		9A974174186CC23600BE4C94 /* Foundation.framework */ = {isa = PBXFileReference; lastKnownFileType = wrapper.framework; name = Foundation.framework; path = System/Library/Frameworks/Foundation.framework; sourceTree = SDKROOT; };
		9A974178186CC23600BE4C94 /* PredictionIO-iOS-SDK-Prefix.pch */ = {isa = PBXFileReference; lastKnownFileType = sourcecode.c.h; path = "PredictionIO-iOS-SDK-Prefix.pch"; sourceTree = "<group>"; };
		9A974179186CC23600BE4C94 /* PIOClient.h */ = {isa = PBXFileReference; lastKnownFileType = sourcecode.c.h; path = PIOClient.h; sourceTree = "<group>"; };
		9A97417B186CC23600BE4C94 /* PIOClient.m */ = {isa = PBXFileReference; lastKnownFileType = sourcecode.c.objc; path = PIOClient.m; sourceTree = "<group>"; };
		9A974181186CC23600BE4C94 /* PredictionIO-iOS-SDKTests.xctest */ = {isa = PBXFileReference; explicitFileType = wrapper.cfbundle; includeInIndex = 0; path = "PredictionIO-iOS-SDKTests.xctest"; sourceTree = BUILT_PRODUCTS_DIR; };
		9A974182186CC23600BE4C94 /* XCTest.framework */ = {isa = PBXFileReference; lastKnownFileType = wrapper.framework; name = XCTest.framework; path = Library/Frameworks/XCTest.framework; sourceTree = DEVELOPER_DIR; };
		9A974185186CC23600BE4C94 /* UIKit.framework */ = {isa = PBXFileReference; lastKnownFileType = wrapper.framework; name = UIKit.framework; path = Library/Frameworks/UIKit.framework; sourceTree = DEVELOPER_DIR; };
		9A97418C186CC23600BE4C94 /* PredictionIO-iOS-SDKTests-Info.plist */ = {isa = PBXFileReference; lastKnownFileType = text.plist.xml; path = "PredictionIO-iOS-SDKTests-Info.plist"; sourceTree = "<group>"; };
		9A97418E186CC23600BE4C94 /* en */ = {isa = PBXFileReference; lastKnownFileType = text.plist.strings; name = en; path = en.lproj/InfoPlist.strings; sourceTree = "<group>"; };
		9A974190186CC23600BE4C94 /* PredictionIOTests.m */ = {isa = PBXFileReference; lastKnownFileType = sourcecode.c.objc; path = PredictionIOTests.m; sourceTree = "<group>"; };
		9ADE4BB91871606A0076326B /* AFHTTPRequestOperation.h */ = {isa = PBXFileReference; fileEncoding = 4; lastKnownFileType = sourcecode.c.h; name = AFHTTPRequestOperation.h; path = "PredictionIO-iOS-SDK/3rdParty/AFNetworking/AFHTTPRequestOperation.h"; sourceTree = "<group>"; };
		9ADE4BBA1871606A0076326B /* AFHTTPRequestOperation.m */ = {isa = PBXFileReference; fileEncoding = 4; lastKnownFileType = sourcecode.c.objc; name = AFHTTPRequestOperation.m; path = "PredictionIO-iOS-SDK/3rdParty/AFNetworking/AFHTTPRequestOperation.m"; sourceTree = "<group>"; };
		9ADE4BBB1871606A0076326B /* AFHTTPRequestOperationManager.h */ = {isa = PBXFileReference; fileEncoding = 4; lastKnownFileType = sourcecode.c.h; name = AFHTTPRequestOperationManager.h; path = "PredictionIO-iOS-SDK/3rdParty/AFNetworking/AFHTTPRequestOperationManager.h"; sourceTree = "<group>"; };
		9ADE4BBC1871606A0076326B /* AFHTTPRequestOperationManager.m */ = {isa = PBXFileReference; fileEncoding = 4; lastKnownFileType = sourcecode.c.objc; name = AFHTTPRequestOperationManager.m; path = "PredictionIO-iOS-SDK/3rdParty/AFNetworking/AFHTTPRequestOperationManager.m"; sourceTree = "<group>"; };
		9ADE4BBD1871606A0076326B /* AFURLConnectionOperation.h */ = {isa = PBXFileReference; fileEncoding = 4; lastKnownFileType = sourcecode.c.h; name = AFURLConnectionOperation.h; path = "PredictionIO-iOS-SDK/3rdParty/AFNetworking/AFURLConnectionOperation.h"; sourceTree = "<group>"; };
		9ADE4BBE1871606A0076326B /* AFURLConnectionOperation.m */ = {isa = PBXFileReference; fileEncoding = 4; lastKnownFileType = sourcecode.c.objc; name = AFURLConnectionOperation.m; path = "PredictionIO-iOS-SDK/3rdParty/AFNetworking/AFURLConnectionOperation.m"; sourceTree = "<group>"; };
		9ADE4BC2187161490076326B /* AFNetworkReachabilityManager.h */ = {isa = PBXFileReference; fileEncoding = 4; lastKnownFileType = sourcecode.c.h; name = AFNetworkReachabilityManager.h; path = "PredictionIO-iOS-SDK/3rdParty/AFNetworking/AFNetworkReachabilityManager.h"; sourceTree = "<group>"; };
		9ADE4BC3187161490076326B /* AFNetworkReachabilityManager.m */ = {isa = PBXFileReference; fileEncoding = 4; lastKnownFileType = sourcecode.c.objc; name = AFNetworkReachabilityManager.m; path = "PredictionIO-iOS-SDK/3rdParty/AFNetworking/AFNetworkReachabilityManager.m"; sourceTree = "<group>"; };
		9ADE4BC4187161490076326B /* AFSecurityPolicy.h */ = {isa = PBXFileReference; fileEncoding = 4; lastKnownFileType = sourcecode.c.h; name = AFSecurityPolicy.h; path = "PredictionIO-iOS-SDK/3rdParty/AFNetworking/AFSecurityPolicy.h"; sourceTree = "<group>"; };
		9ADE4BC5187161490076326B /* AFSecurityPolicy.m */ = {isa = PBXFileReference; fileEncoding = 4; lastKnownFileType = sourcecode.c.objc; name = AFSecurityPolicy.m; path = "PredictionIO-iOS-SDK/3rdParty/AFNetworking/AFSecurityPolicy.m"; sourceTree = "<group>"; };
		9ADE4BC6187161490076326B /* AFURLRequestSerialization.h */ = {isa = PBXFileReference; fileEncoding = 4; lastKnownFileType = sourcecode.c.h; name = AFURLRequestSerialization.h; path = "PredictionIO-iOS-SDK/3rdParty/AFNetworking/AFURLRequestSerialization.h"; sourceTree = "<group>"; };
		9ADE4BC7187161490076326B /* AFURLRequestSerialization.m */ = {isa = PBXFileReference; fileEncoding = 4; lastKnownFileType = sourcecode.c.objc; name = AFURLRequestSerialization.m; path = "PredictionIO-iOS-SDK/3rdParty/AFNetworking/AFURLRequestSerialization.m"; sourceTree = "<group>"; };
		9ADE4BC8187161490076326B /* AFURLResponseSerialization.h */ = {isa = PBXFileReference; fileEncoding = 4; lastKnownFileType = sourcecode.c.h; name = AFURLResponseSerialization.h; path = "PredictionIO-iOS-SDK/3rdParty/AFNetworking/AFURLResponseSerialization.h"; sourceTree = "<group>"; };
		9ADE4BC9187161490076326B /* AFURLResponseSerialization.m */ = {isa = PBXFileReference; fileEncoding = 4; lastKnownFileType = sourcecode.c.objc; name = AFURLResponseSerialization.m; path = "PredictionIO-iOS-SDK/3rdParty/AFNetworking/AFURLResponseSerialization.m"; sourceTree = "<group>"; };
		FA40EAF618F49247002AFB2C /* FoodEntry.h */ = {isa = PBXFileReference; fileEncoding = 4; lastKnownFileType = sourcecode.c.h; path = FoodEntry.h; sourceTree = "<group>"; };
		FA40EAF718F49247002AFB2C /* FoodEntry.m */ = {isa = PBXFileReference; fileEncoding = 4; lastKnownFileType = sourcecode.c.objc; path = FoodEntry.m; sourceTree = "<group>"; };
		FA4A110E18FEFCB900F82C91 /* TopRecViewController.h */ = {isa = PBXFileReference; fileEncoding = 4; lastKnownFileType = sourcecode.c.h; path = TopRecViewController.h; sourceTree = "<group>"; };
		FA4A110F18FEFCB900F82C91 /* TopRecViewController.m */ = {isa = PBXFileReference; fileEncoding = 4; lastKnownFileType = sourcecode.c.objc; path = TopRecViewController.m; sourceTree = "<group>"; };
		FA8C24FC18CFBDBF007B0873 /* testitem.json */ = {isa = PBXFileReference; fileEncoding = 4; lastKnownFileType = text.json; path = testitem.json; sourceTree = "<group>"; };
		FA8C24FF18CFBDF5007B0873 /* PIOMessage.h */ = {isa = PBXFileReference; fileEncoding = 4; lastKnownFileType = sourcecode.c.h; path = PIOMessage.h; sourceTree = "<group>"; };
		FA8C250018CFBDF5007B0873 /* PIOMessage.m */ = {isa = PBXFileReference; fileEncoding = 4; lastKnownFileType = sourcecode.c.objc; path = PIOMessage.m; sourceTree = "<group>"; };
		FA8C250318CFEEB9007B0873 /* testmessage.json */ = {isa = PBXFileReference; fileEncoding = 4; lastKnownFileType = text.json; path = testmessage.json; sourceTree = "<group>"; };
		FA8C250418CFEEB9007B0873 /* testuser.json */ = {isa = PBXFileReference; fileEncoding = 4; lastKnownFileType = text.json; path = testuser.json; sourceTree = "<group>"; };
		FA93702A18F72BED00C7C120 /* UserViewController.h */ = {isa = PBXFileReference; fileEncoding = 4; lastKnownFileType = sourcecode.c.h; path = UserViewController.h; sourceTree = "<group>"; };
		FA93702B18F72BED00C7C120 /* UserViewController.m */ = {isa = PBXFileReference; fileEncoding = 4; lastKnownFileType = sourcecode.c.objc; path = UserViewController.m; sourceTree = "<group>"; };
		FA93C88118F5E10300CCE57A /* PAImageView.h */ = {isa = PBXFileReference; fileEncoding = 4; lastKnownFileType = sourcecode.c.h; path = PAImageView.h; sourceTree = "<group>"; };
		FA93C88218F5E10300CCE57A /* PAImageView.m */ = {isa = PBXFileReference; fileEncoding = 4; lastKnownFileType = sourcecode.c.objc; path = PAImageView.m; sourceTree = "<group>"; };
		FA93C88418F5E12600CCE57A /* AMRatingControl.h */ = {isa = PBXFileReference; fileEncoding = 4; lastKnownFileType = sourcecode.c.h; path = AMRatingControl.h; sourceTree = "<group>"; };
		FA93C88518F5E12600CCE57A /* AMRatingControl.m */ = {isa = PBXFileReference; fileEncoding = 4; lastKnownFileType = sourcecode.c.objc; path = AMRatingControl.m; sourceTree = "<group>"; };
		FABC307418F464C600453EC6 /* food_simple.json */ = {isa = PBXFileReference; fileEncoding = 4; lastKnownFileType = text.json; path = food_simple.json; sourceTree = "<group>"; };
		FABC307718F4688400453EC6 /* MBProgressHUD.h */ = {isa = PBXFileReference; fileEncoding = 4; lastKnownFileType = sourcecode.c.h; path = MBProgressHUD.h; sourceTree = "<group>"; };
		FABC307818F4688400453EC6 /* MBProgressHUD.m */ = {isa = PBXFileReference; fileEncoding = 4; lastKnownFileType = sourcecode.c.objc; path = MBProgressHUD.m; sourceTree = "<group>"; };
		FADFDAFC18F36A74006AFD8A /* DemoApp.app */ = {isa = PBXFileReference; explicitFileType = wrapper.application; includeInIndex = 0; path = DemoApp.app; sourceTree = BUILT_PRODUCTS_DIR; };
		FADFDAFE18F36A74006AFD8A /* CoreGraphics.framework */ = {isa = PBXFileReference; lastKnownFileType = wrapper.framework; name = CoreGraphics.framework; path = System/Library/Frameworks/CoreGraphics.framework; sourceTree = SDKROOT; };
		FADFDB0318F36A74006AFD8A /* DemoApp-Info.plist */ = {isa = PBXFileReference; lastKnownFileType = text.plist.xml; path = "DemoApp-Info.plist"; sourceTree = "<group>"; };
		FADFDB0518F36A74006AFD8A /* en */ = {isa = PBXFileReference; lastKnownFileType = text.plist.strings; name = en; path = en.lproj/InfoPlist.strings; sourceTree = "<group>"; };
		FADFDB0718F36A74006AFD8A /* main.m */ = {isa = PBXFileReference; lastKnownFileType = sourcecode.c.objc; path = main.m; sourceTree = "<group>"; };
		FADFDB0918F36A74006AFD8A /* DemoApp-Prefix.pch */ = {isa = PBXFileReference; lastKnownFileType = sourcecode.c.h; path = "DemoApp-Prefix.pch"; sourceTree = "<group>"; };
		FADFDB0A18F36A74006AFD8A /* AppDelegate.h */ = {isa = PBXFileReference; lastKnownFileType = sourcecode.c.h; path = AppDelegate.h; sourceTree = "<group>"; };
		FADFDB0B18F36A74006AFD8A /* AppDelegate.m */ = {isa = PBXFileReference; lastKnownFileType = sourcecode.c.objc; path = AppDelegate.m; sourceTree = "<group>"; };
		FADFDB0E18F36A74006AFD8A /* Base */ = {isa = PBXFileReference; lastKnownFileType = file.storyboard; name = Base; path = Base.lproj/Main.storyboard; sourceTree = "<group>"; };
		FADFDB1018F36A74006AFD8A /* MasterViewController.h */ = {isa = PBXFileReference; lastKnownFileType = sourcecode.c.h; path = MasterViewController.h; sourceTree = "<group>"; };
		FADFDB1118F36A74006AFD8A /* MasterViewController.m */ = {isa = PBXFileReference; lastKnownFileType = sourcecode.c.objc; path = MasterViewController.m; sourceTree = "<group>"; };
		FADFDB1318F36A74006AFD8A /* DetailViewController.h */ = {isa = PBXFileReference; lastKnownFileType = sourcecode.c.h; path = DetailViewController.h; sourceTree = "<group>"; };
		FADFDB1418F36A74006AFD8A /* DetailViewController.m */ = {isa = PBXFileReference; lastKnownFileType = sourcecode.c.objc; path = DetailViewController.m; sourceTree = "<group>"; };
		FADFDB1618F36A74006AFD8A /* Images.xcassets */ = {isa = PBXFileReference; lastKnownFileType = folder.assetcatalog; path = Images.xcassets; sourceTree = "<group>"; };
/* End PBXFileReference section */

/* Begin PBXFrameworksBuildPhase section */
		9A97416E186CC23600BE4C94 /* Frameworks */ = {
			isa = PBXFrameworksBuildPhase;
			buildActionMask = 2147483647;
			files = (
				9A974175186CC23600BE4C94 /* Foundation.framework in Frameworks */,
			);
			runOnlyForDeploymentPostprocessing = 0;
		};
		9A97417E186CC23600BE4C94 /* Frameworks */ = {
			isa = PBXFrameworksBuildPhase;
			buildActionMask = 2147483647;
			files = (
				9A974183186CC23600BE4C94 /* XCTest.framework in Frameworks */,
				9A974186186CC23600BE4C94 /* UIKit.framework in Frameworks */,
				9A974184186CC23600BE4C94 /* Foundation.framework in Frameworks */,
				9A974189186CC23600BE4C94 /* libPredictionIO-iOS-SDK.a in Frameworks */,
			);
			runOnlyForDeploymentPostprocessing = 0;
		};
		FADFDAF918F36A74006AFD8A /* Frameworks */ = {
			isa = PBXFrameworksBuildPhase;
			buildActionMask = 2147483647;
			files = (
				FA40EAF918F498E8002AFB2C /* libPredictionIO-iOS-SDK.a in Frameworks */,
				FADFDAFF18F36A74006AFD8A /* CoreGraphics.framework in Frameworks */,
				FADFDB0018F36A74006AFD8A /* UIKit.framework in Frameworks */,
				FADFDAFD18F36A74006AFD8A /* Foundation.framework in Frameworks */,
			);
			runOnlyForDeploymentPostprocessing = 0;
		};
/* End PBXFrameworksBuildPhase section */

/* Begin PBXGroup section */
		9A974168186CC23600BE4C94 = {
			isa = PBXGroup;
			children = (
				9A974176186CC23600BE4C94 /* PredictionIO-iOS-SDK */,
				9A97418A186CC23600BE4C94 /* PredictionIO-iOS-SDKTests */,
				FADFDB0118F36A74006AFD8A /* DemoApp */,
				9A974173186CC23600BE4C94 /* Frameworks */,
				9A974172186CC23600BE4C94 /* Products */,
			);
			sourceTree = "<group>";
		};
		9A974172186CC23600BE4C94 /* Products */ = {
			isa = PBXGroup;
			children = (
				9A974171186CC23600BE4C94 /* libPredictionIO-iOS-SDK.a */,
				9A974181186CC23600BE4C94 /* PredictionIO-iOS-SDKTests.xctest */,
				FADFDAFC18F36A74006AFD8A /* DemoApp.app */,
			);
			name = Products;
			sourceTree = "<group>";
		};
		9A974173186CC23600BE4C94 /* Frameworks */ = {
			isa = PBXGroup;
			children = (
				9A974174186CC23600BE4C94 /* Foundation.framework */,
				9A974182186CC23600BE4C94 /* XCTest.framework */,
				9A974185186CC23600BE4C94 /* UIKit.framework */,
				FADFDAFE18F36A74006AFD8A /* CoreGraphics.framework */,
			);
			name = Frameworks;
			sourceTree = "<group>";
		};
		9A974176186CC23600BE4C94 /* PredictionIO-iOS-SDK */ = {
			isa = PBXGroup;
			children = (
				9A974179186CC23600BE4C94 /* PIOClient.h */,
				9A97417B186CC23600BE4C94 /* PIOClient.m */,
				9A8BC824186CDF6C00E09A7A /* PIOCreateItemRequest.h */,
				9A8BC825186CDF6C00E09A7A /* PIOCreateItemRequest.m */,
				9A8BC827186CE12D00E09A7A /* PIOCreateUserRequest.h */,
				9A8BC828186CE12D00E09A7A /* PIOCreateUserRequest.m */,
				9A8BC82D186CE44600E09A7A /* PIOItemRecGetTopNRequest.h */,
				9A8BC82E186CE44600E09A7A /* PIOItemRecGetTopNRequest.m */,
				9A8BC830186CE77800E09A7A /* PIOItemSimGetTopNRequest.h */,
				9A8BC831186CE77800E09A7A /* PIOItemSimGetTopNRequest.m */,
				9A8BC836186CEDF000E09A7A /* PIOUserActionItemRequest.h */,
				9A8BC837186CEDF000E09A7A /* PIOUserActionItemRequest.m */,
				FA7AA49F18CD69B200560F38 /* PIOObjects */,
				9ADE4BB7187160300076326B /* 3rdParty */,
				9A974177186CC23600BE4C94 /* Supporting Files */,
			);
			path = "PredictionIO-iOS-SDK";
			sourceTree = "<group>";
		};
		9A974177186CC23600BE4C94 /* Supporting Files */ = {
			isa = PBXGroup;
			children = (
				9A974178186CC23600BE4C94 /* PredictionIO-iOS-SDK-Prefix.pch */,
			);
			name = "Supporting Files";
			sourceTree = "<group>";
		};
		9A97418A186CC23600BE4C94 /* PredictionIO-iOS-SDKTests */ = {
			isa = PBXGroup;
			children = (
				FA8C24FE18CFBDC5007B0873 /* SampleData */,
				9A974190186CC23600BE4C94 /* PredictionIOTests.m */,
				9A97418B186CC23600BE4C94 /* Supporting Files */,
			);
			path = "PredictionIO-iOS-SDKTests";
			sourceTree = "<group>";
		};
		9A97418B186CC23600BE4C94 /* Supporting Files */ = {
			isa = PBXGroup;
			children = (
				9A97418C186CC23600BE4C94 /* PredictionIO-iOS-SDKTests-Info.plist */,
				9A97418D186CC23600BE4C94 /* InfoPlist.strings */,
			);
			name = "Supporting Files";
			sourceTree = "<group>";
		};
		9ADE4BB7187160300076326B /* 3rdParty */ = {
			isa = PBXGroup;
			children = (
				9ADE4BB8187160440076326B /* AFNetworking */,
			);
			name = 3rdParty;
			path = ..;
			sourceTree = "<group>";
		};
		9ADE4BB8187160440076326B /* AFNetworking */ = {
			isa = PBXGroup;
			children = (
				9ADE4BC2187161490076326B /* AFNetworkReachabilityManager.h */,
				9ADE4BC3187161490076326B /* AFNetworkReachabilityManager.m */,
				9ADE4BC4187161490076326B /* AFSecurityPolicy.h */,
				9ADE4BC5187161490076326B /* AFSecurityPolicy.m */,
				9ADE4BC6187161490076326B /* AFURLRequestSerialization.h */,
				9ADE4BC7187161490076326B /* AFURLRequestSerialization.m */,
				9ADE4BC8187161490076326B /* AFURLResponseSerialization.h */,
				9ADE4BC9187161490076326B /* AFURLResponseSerialization.m */,
				9ADE4BB91871606A0076326B /* AFHTTPRequestOperation.h */,
				9ADE4BBA1871606A0076326B /* AFHTTPRequestOperation.m */,
				9ADE4BBB1871606A0076326B /* AFHTTPRequestOperationManager.h */,
				9ADE4BBC1871606A0076326B /* AFHTTPRequestOperationManager.m */,
				9ADE4BBD1871606A0076326B /* AFURLConnectionOperation.h */,
				9ADE4BBE1871606A0076326B /* AFURLConnectionOperation.m */,
			);
			name = AFNetworking;
			sourceTree = "<group>";
		};
		FA7AA49F18CD69B200560F38 /* PIOObjects */ = {
			isa = PBXGroup;
			children = (
				9A8BC82A186CE34000E09A7A /* PIOItem.h */,
				9A8BC82B186CE34000E09A7A /* PIOItem.m */,
				9A8BC833186CEC5000E09A7A /* PIOUser.h */,
				9A8BC834186CEC5000E09A7A /* PIOUser.m */,
				FA8C24FF18CFBDF5007B0873 /* PIOMessage.h */,
				FA8C250018CFBDF5007B0873 /* PIOMessage.m */,
			);
			name = PIOObjects;
			sourceTree = "<group>";
		};
		FA8C24FE18CFBDC5007B0873 /* SampleData */ = {
			isa = PBXGroup;
			children = (
				FA8C24FC18CFBDBF007B0873 /* testitem.json */,
				FA8C250318CFEEB9007B0873 /* testmessage.json */,
				FA8C250418CFEEB9007B0873 /* testuser.json */,
			);
			name = SampleData;
			sourceTree = "<group>";
		};
		FABC307618F4686600453EC6 /* External Libraries */ = {
			isa = PBXGroup;
			children = (
				FA93C88118F5E10300CCE57A /* PAImageView.h */,
				FA93C88218F5E10300CCE57A /* PAImageView.m */,
				FABC307718F4688400453EC6 /* MBProgressHUD.h */,
				FABC307818F4688400453EC6 /* MBProgressHUD.m */,
				FA93C88418F5E12600CCE57A /* AMRatingControl.h */,
				FA93C88518F5E12600CCE57A /* AMRatingControl.m */,
			);
			name = "External Libraries";
			sourceTree = "<group>";
		};
		FADFDB0118F36A74006AFD8A /* DemoApp */ = {
			isa = PBXGroup;
			children = (
				FADFDB0D18F36A74006AFD8A /* Main.storyboard */,
				FADFDB0A18F36A74006AFD8A /* AppDelegate.h */,
				FADFDB0B18F36A74006AFD8A /* AppDelegate.m */,
				FADFDB1018F36A74006AFD8A /* MasterViewController.h */,
				FADFDB1118F36A74006AFD8A /* MasterViewController.m */,
				FADFDB1318F36A74006AFD8A /* DetailViewController.h */,
				FADFDB1418F36A74006AFD8A /* DetailViewController.m */,
				FA93702A18F72BED00C7C120 /* UserViewController.h */,
				FA93702B18F72BED00C7C120 /* UserViewController.m */,
				FA4A110E18FEFCB900F82C91 /* TopRecViewController.h */,
				FA4A110F18FEFCB900F82C91 /* TopRecViewController.m */,
				FA40EAF618F49247002AFB2C /* FoodEntry.h */,
				FA40EAF718F49247002AFB2C /* FoodEntry.m */,
				FADFDB1618F36A74006AFD8A /* Images.xcassets */,
				FABC307618F4686600453EC6 /* External Libraries */,
				FADFDB3018F36AAC006AFD8A /* SampleData */,
				FADFDB0218F36A74006AFD8A /* Supporting Files */,
			);
			path = DemoApp;
			sourceTree = "<group>";
		};
		FADFDB0218F36A74006AFD8A /* Supporting Files */ = {
			isa = PBXGroup;
			children = (
				FADFDB0318F36A74006AFD8A /* DemoApp-Info.plist */,
				FADFDB0418F36A74006AFD8A /* InfoPlist.strings */,
				FADFDB0718F36A74006AFD8A /* main.m */,
				FADFDB0918F36A74006AFD8A /* DemoApp-Prefix.pch */,
			);
			name = "Supporting Files";
			sourceTree = "<group>";
		};
		FADFDB3018F36AAC006AFD8A /* SampleData */ = {
			isa = PBXGroup;
			children = (
				FABC307418F464C600453EC6 /* food_simple.json */,
			);
			name = SampleData;
			sourceTree = "<group>";
		};
/* End PBXGroup section */

/* Begin PBXNativeTarget section */
		9A974170186CC23600BE4C94 /* PredictionIO-iOS-SDK */ = {
			isa = PBXNativeTarget;
			buildConfigurationList = 9A974194186CC23600BE4C94 /* Build configuration list for PBXNativeTarget "PredictionIO-iOS-SDK" */;
			buildPhases = (
				9A97416D186CC23600BE4C94 /* Sources */,
				9A97416E186CC23600BE4C94 /* Frameworks */,
				9A97416F186CC23600BE4C94 /* Copy Files */,
			);
			buildRules = (
			);
			dependencies = (
			);
			name = "PredictionIO-iOS-SDK";
			productName = "PredictionIO-iOS-SDK";
			productReference = 9A974171186CC23600BE4C94 /* libPredictionIO-iOS-SDK.a */;
			productType = "com.apple.product-type.library.static";
		};
		9A974180186CC23600BE4C94 /* PredictionIO-iOS-SDKTests */ = {
			isa = PBXNativeTarget;
			buildConfigurationList = 9A974197186CC23600BE4C94 /* Build configuration list for PBXNativeTarget "PredictionIO-iOS-SDKTests" */;
			buildPhases = (
				9A97417D186CC23600BE4C94 /* Sources */,
				9A97417E186CC23600BE4C94 /* Frameworks */,
				9A97417F186CC23600BE4C94 /* Resources */,
			);
			buildRules = (
			);
			dependencies = (
				9A974188186CC23600BE4C94 /* PBXTargetDependency */,
			);
			name = "PredictionIO-iOS-SDKTests";
			productName = "PredictionIO-iOS-SDKTests";
			productReference = 9A974181186CC23600BE4C94 /* PredictionIO-iOS-SDKTests.xctest */;
			productType = "com.apple.product-type.bundle.unit-test";
		};
		FADFDAFB18F36A74006AFD8A /* DemoApp */ = {
			isa = PBXNativeTarget;
			buildConfigurationList = FADFDB2E18F36A74006AFD8A /* Build configuration list for PBXNativeTarget "DemoApp" */;
			buildPhases = (
				FADFDAF818F36A74006AFD8A /* Sources */,
				FADFDAF918F36A74006AFD8A /* Frameworks */,
				FADFDAFA18F36A74006AFD8A /* Resources */,
			);
			buildRules = (
			);
			dependencies = (
			);
			name = DemoApp;
			productName = DemoApp;
			productReference = FADFDAFC18F36A74006AFD8A /* DemoApp.app */;
			productType = "com.apple.product-type.application";
		};
/* End PBXNativeTarget section */

/* Begin PBXProject section */
		9A974169186CC23600BE4C94 /* Project object */ = {
			isa = PBXProject;
			attributes = {
				LastUpgradeCheck = 0510;
				ORGANIZATIONNAME = PredictionIO;
			};
			buildConfigurationList = 9A97416C186CC23600BE4C94 /* Build configuration list for PBXProject "PredictionIO-iOS-SDK" */;
			compatibilityVersion = "Xcode 3.2";
			developmentRegion = English;
			hasScannedForEncodings = 0;
			knownRegions = (
				en,
				Base,
			);
			mainGroup = 9A974168186CC23600BE4C94;
			productRefGroup = 9A974172186CC23600BE4C94 /* Products */;
			projectDirPath = "";
			projectRoot = "";
			targets = (
				9A974170186CC23600BE4C94 /* PredictionIO-iOS-SDK */,
				9A974180186CC23600BE4C94 /* PredictionIO-iOS-SDKTests */,
				FADFDAFB18F36A74006AFD8A /* DemoApp */,
			);
		};
/* End PBXProject section */

/* Begin PBXResourcesBuildPhase section */
		9A97417F186CC23600BE4C94 /* Resources */ = {
			isa = PBXResourcesBuildPhase;
			buildActionMask = 2147483647;
			files = (
				FA8C250618CFEEB9007B0873 /* testuser.json in Resources */,
				FA8C24FD18CFBDBF007B0873 /* testitem.json in Resources */,
				9A97418F186CC23600BE4C94 /* InfoPlist.strings in Resources */,
				FA8C250518CFEEB9007B0873 /* testmessage.json in Resources */,
			);
			runOnlyForDeploymentPostprocessing = 0;
		};
		FADFDAFA18F36A74006AFD8A /* Resources */ = {
			isa = PBXResourcesBuildPhase;
			buildActionMask = 2147483647;
			files = (
				FADFDB1718F36A74006AFD8A /* Images.xcassets in Resources */,
				FABC307518F464C600453EC6 /* food_simple.json in Resources */,
				FADFDB0618F36A74006AFD8A /* InfoPlist.strings in Resources */,
				FADFDB0F18F36A74006AFD8A /* Main.storyboard in Resources */,
			);
			runOnlyForDeploymentPostprocessing = 0;
		};
/* End PBXResourcesBuildPhase section */

/* Begin PBXSourcesBuildPhase section */
		9A97416D186CC23600BE4C94 /* Sources */ = {
			isa = PBXSourcesBuildPhase;
			buildActionMask = 2147483647;
			files = (
				9A8BC829186CE12D00E09A7A /* PIOCreateUserRequest.m in Sources */,
				9ADE4BCB187161490076326B /* AFSecurityPolicy.m in Sources */,
				FA8C250118CFBDF5007B0873 /* PIOMessage.m in Sources */,
				9ADE4BC01871606A0076326B /* AFHTTPRequestOperationManager.m in Sources */,
				9ADE4BCD187161490076326B /* AFURLResponseSerialization.m in Sources */,
				9A8BC82F186CE44600E09A7A /* PIOItemRecGetTopNRequest.m in Sources */,
				9A8BC838186CEDF000E09A7A /* PIOUserActionItemRequest.m in Sources */,
				9A97417C186CC23600BE4C94 /* PIOClient.m in Sources */,
				9A8BC826186CDF6C00E09A7A /* PIOCreateItemRequest.m in Sources */,
				9A8BC82C186CE34000E09A7A /* PIOItem.m in Sources */,
				9ADE4BCC187161490076326B /* AFURLRequestSerialization.m in Sources */,
				9ADE4BCA187161490076326B /* AFNetworkReachabilityManager.m in Sources */,
				9ADE4BC11871606A0076326B /* AFURLConnectionOperation.m in Sources */,
				9ADE4BBF1871606A0076326B /* AFHTTPRequestOperation.m in Sources */,
				9A8BC832186CE77800E09A7A /* PIOItemSimGetTopNRequest.m in Sources */,
				9A8BC835186CEC5000E09A7A /* PIOUser.m in Sources */,
			);
			runOnlyForDeploymentPostprocessing = 0;
		};
		9A97417D186CC23600BE4C94 /* Sources */ = {
			isa = PBXSourcesBuildPhase;
			buildActionMask = 2147483647;
			files = (
				9A974191186CC23600BE4C94 /* PredictionIOTests.m in Sources */,
			);
			runOnlyForDeploymentPostprocessing = 0;
		};
		FADFDAF818F36A74006AFD8A /* Sources */ = {
			isa = PBXSourcesBuildPhase;
			buildActionMask = 2147483647;
			files = (
				FA93C88618F5E12600CCE57A /* AMRatingControl.m in Sources */,
				FADFDB0C18F36A74006AFD8A /* AppDelegate.m in Sources */,
				FADFDB1218F36A74006AFD8A /* MasterViewController.m in Sources */,
				FA93C88318F5E10300CCE57A /* PAImageView.m in Sources */,
				FA93702C18F72BED00C7C120 /* UserViewController.m in Sources */,
				FA40EAF818F49247002AFB2C /* FoodEntry.m in Sources */,
				FABC307918F4688400453EC6 /* MBProgressHUD.m in Sources */,
				FADFDB0818F36A74006AFD8A /* main.m in Sources */,
				FADFDB1518F36A74006AFD8A /* DetailViewController.m in Sources */,
				FA4A111018FEFCB900F82C91 /* TopRecViewController.m in Sources */,
			);
			runOnlyForDeploymentPostprocessing = 0;
		};
/* End PBXSourcesBuildPhase section */

/* Begin PBXTargetDependency section */
		9A974188186CC23600BE4C94 /* PBXTargetDependency */ = {
			isa = PBXTargetDependency;
			target = 9A974170186CC23600BE4C94 /* PredictionIO-iOS-SDK */;
			targetProxy = 9A974187186CC23600BE4C94 /* PBXContainerItemProxy */;
		};
/* End PBXTargetDependency section */

/* Begin PBXVariantGroup section */
		9A97418D186CC23600BE4C94 /* InfoPlist.strings */ = {
			isa = PBXVariantGroup;
			children = (
				9A97418E186CC23600BE4C94 /* en */,
			);
			name = InfoPlist.strings;
			sourceTree = "<group>";
		};
		FADFDB0418F36A74006AFD8A /* InfoPlist.strings */ = {
			isa = PBXVariantGroup;
			children = (
				FADFDB0518F36A74006AFD8A /* en */,
			);
			name = InfoPlist.strings;
			sourceTree = "<group>";
		};
		FADFDB0D18F36A74006AFD8A /* Main.storyboard */ = {
			isa = PBXVariantGroup;
			children = (
				FADFDB0E18F36A74006AFD8A /* Base */,
			);
			name = Main.storyboard;
			sourceTree = "<group>";
		};
/* End PBXVariantGroup section */

/* Begin XCBuildConfiguration section */
		9A974192186CC23600BE4C94 /* Debug */ = {
			isa = XCBuildConfiguration;
			buildSettings = {
				ALWAYS_SEARCH_USER_PATHS = NO;
				CLANG_CXX_LANGUAGE_STANDARD = "gnu++0x";
				CLANG_CXX_LIBRARY = "libc++";
				CLANG_ENABLE_MODULES = YES;
				CLANG_ENABLE_OBJC_ARC = YES;
				CLANG_WARN_BOOL_CONVERSION = YES;
				CLANG_WARN_CONSTANT_CONVERSION = YES;
				CLANG_WARN_DIRECT_OBJC_ISA_USAGE = YES_ERROR;
				CLANG_WARN_EMPTY_BODY = YES;
				CLANG_WARN_ENUM_CONVERSION = YES;
				CLANG_WARN_INT_CONVERSION = YES;
				CLANG_WARN_OBJC_ROOT_CLASS = YES_ERROR;
				CLANG_WARN__DUPLICATE_METHOD_MATCH = YES;
				COPY_PHASE_STRIP = NO;
				GCC_C_LANGUAGE_STANDARD = gnu99;
				GCC_DYNAMIC_NO_PIC = NO;
				GCC_OPTIMIZATION_LEVEL = 0;
				GCC_PREPROCESSOR_DEFINITIONS = (
					"DEBUG=1",
					"$(inherited)",
				);
				GCC_SYMBOLS_PRIVATE_EXTERN = NO;
				GCC_WARN_64_TO_32_BIT_CONVERSION = YES;
				GCC_WARN_ABOUT_RETURN_TYPE = YES_ERROR;
				GCC_WARN_UNDECLARED_SELECTOR = YES;
				GCC_WARN_UNINITIALIZED_AUTOS = YES;
				GCC_WARN_UNUSED_FUNCTION = YES;
				GCC_WARN_UNUSED_VARIABLE = YES;
				IPHONEOS_DEPLOYMENT_TARGET = 7.0;
				ONLY_ACTIVE_ARCH = YES;
				SDKROOT = iphoneos;
			};
			name = Debug;
		};
		9A974193186CC23600BE4C94 /* Release */ = {
			isa = XCBuildConfiguration;
			buildSettings = {
				ALWAYS_SEARCH_USER_PATHS = NO;
				CLANG_CXX_LANGUAGE_STANDARD = "gnu++0x";
				CLANG_CXX_LIBRARY = "libc++";
				CLANG_ENABLE_MODULES = YES;
				CLANG_ENABLE_OBJC_ARC = YES;
				CLANG_WARN_BOOL_CONVERSION = YES;
				CLANG_WARN_CONSTANT_CONVERSION = YES;
				CLANG_WARN_DIRECT_OBJC_ISA_USAGE = YES_ERROR;
				CLANG_WARN_EMPTY_BODY = YES;
				CLANG_WARN_ENUM_CONVERSION = YES;
				CLANG_WARN_INT_CONVERSION = YES;
				CLANG_WARN_OBJC_ROOT_CLASS = YES_ERROR;
				CLANG_WARN__DUPLICATE_METHOD_MATCH = YES;
				COPY_PHASE_STRIP = YES;
				ENABLE_NS_ASSERTIONS = NO;
				GCC_C_LANGUAGE_STANDARD = gnu99;
				GCC_WARN_64_TO_32_BIT_CONVERSION = YES;
				GCC_WARN_ABOUT_RETURN_TYPE = YES_ERROR;
				GCC_WARN_UNDECLARED_SELECTOR = YES;
				GCC_WARN_UNINITIALIZED_AUTOS = YES;
				GCC_WARN_UNUSED_FUNCTION = YES;
				GCC_WARN_UNUSED_VARIABLE = YES;
				IPHONEOS_DEPLOYMENT_TARGET = 7.0;
				SDKROOT = iphoneos;
				VALIDATE_PRODUCT = YES;
			};
			name = Release;
		};
		9A974195186CC23600BE4C94 /* Debug */ = {
			isa = XCBuildConfiguration;
			buildSettings = {
				DSTROOT = /tmp/PredictionIO_iOS_SDK.dst;
				GCC_PRECOMPILE_PREFIX_HEADER = YES;
				GCC_PREFIX_HEADER = "PredictionIO-iOS-SDK/PredictionIO-iOS-SDK-Prefix.pch";
				OTHER_LDFLAGS = "-ObjC";
				PRODUCT_NAME = "$(TARGET_NAME)";
				SKIP_INSTALL = YES;
			};
			name = Debug;
		};
		9A974196186CC23600BE4C94 /* Release */ = {
			isa = XCBuildConfiguration;
			buildSettings = {
				DSTROOT = /tmp/PredictionIO_iOS_SDK.dst;
				GCC_PRECOMPILE_PREFIX_HEADER = YES;
				GCC_PREFIX_HEADER = "PredictionIO-iOS-SDK/PredictionIO-iOS-SDK-Prefix.pch";
				OTHER_LDFLAGS = "-ObjC";
				PRODUCT_NAME = "$(TARGET_NAME)";
				SKIP_INSTALL = YES;
			};
			name = Release;
		};
		9A974198186CC23600BE4C94 /* Debug */ = {
			isa = XCBuildConfiguration;
			buildSettings = {
				FRAMEWORK_SEARCH_PATHS = (
					"$(SDKROOT)/Developer/Library/Frameworks",
					"$(inherited)",
					"$(DEVELOPER_FRAMEWORKS_DIR)",
				);
				GCC_PRECOMPILE_PREFIX_HEADER = YES;
				GCC_PREFIX_HEADER = "PredictionIO-iOS-SDK/PredictionIO-iOS-SDK-Prefix.pch";
				GCC_PREPROCESSOR_DEFINITIONS = (
					"DEBUG=1",
					"$(inherited)",
				);
				INFOPLIST_FILE = "PredictionIO-iOS-SDKTests/PredictionIO-iOS-SDKTests-Info.plist";
				PRODUCT_NAME = "$(TARGET_NAME)";
				WRAPPER_EXTENSION = xctest;
			};
			name = Debug;
		};
		9A974199186CC23600BE4C94 /* Release */ = {
			isa = XCBuildConfiguration;
			buildSettings = {
				FRAMEWORK_SEARCH_PATHS = (
					"$(SDKROOT)/Developer/Library/Frameworks",
					"$(inherited)",
					"$(DEVELOPER_FRAMEWORKS_DIR)",
				);
				GCC_PRECOMPILE_PREFIX_HEADER = YES;
				GCC_PREFIX_HEADER = "PredictionIO-iOS-SDK/PredictionIO-iOS-SDK-Prefix.pch";
				INFOPLIST_FILE = "PredictionIO-iOS-SDKTests/PredictionIO-iOS-SDKTests-Info.plist";
				PRODUCT_NAME = "$(TARGET_NAME)";
				WRAPPER_EXTENSION = xctest;
			};
			name = Release;
		};
		FADFDB2A18F36A74006AFD8A /* Debug */ = {
			isa = XCBuildConfiguration;
			buildSettings = {
				ASSETCATALOG_COMPILER_APPICON_NAME = AppIcon;
				ASSETCATALOG_COMPILER_LAUNCHIMAGE_NAME = LaunchImage;
				"CODE_SIGN_IDENTITY[sdk=iphoneos*]" = "iPhone Developer";
				FRAMEWORK_SEARCH_PATHS = (
					"$(inherited)",
					"$(DEVELOPER_FRAMEWORKS_DIR)",
				);
				GCC_PRECOMPILE_PREFIX_HEADER = YES;
				GCC_PREFIX_HEADER = "DemoApp/DemoApp-Prefix.pch";
				GCC_PREPROCESSOR_DEFINITIONS = (
					"DEBUG=1",
					"$(inherited)",
				);
				GCC_WARN_UNINITIALIZED_AUTOS = YES_AGGRESSIVE;
				INFOPLIST_FILE = "DemoApp/DemoApp-Info.plist";
				IPHONEOS_DEPLOYMENT_TARGET = 7.1;
				PRODUCT_NAME = "$(TARGET_NAME)";
				WRAPPER_EXTENSION = app;
			};
			name = Debug;
		};
		FADFDB2B18F36A74006AFD8A /* Release */ = {
			isa = XCBuildConfiguration;
			buildSettings = {
				ASSETCATALOG_COMPILER_APPICON_NAME = AppIcon;
				ASSETCATALOG_COMPILER_LAUNCHIMAGE_NAME = LaunchImage;
				"CODE_SIGN_IDENTITY[sdk=iphoneos*]" = "iPhone Developer";
				FRAMEWORK_SEARCH_PATHS = (
					"$(inherited)",
					"$(DEVELOPER_FRAMEWORKS_DIR)",
				);
				GCC_PRECOMPILE_PREFIX_HEADER = YES;
				GCC_PREFIX_HEADER = "DemoApp/DemoApp-Prefix.pch";
				GCC_WARN_UNINITIALIZED_AUTOS = YES_AGGRESSIVE;
				INFOPLIST_FILE = "DemoApp/DemoApp-Info.plist";
				IPHONEOS_DEPLOYMENT_TARGET = 7.1;
				PRODUCT_NAME = "$(TARGET_NAME)";
				WRAPPER_EXTENSION = app;
			};
			name = Release;
		};
/* End XCBuildConfiguration section */

/* Begin XCConfigurationList section */
		9A97416C186CC23600BE4C94 /* Build configuration list for PBXProject "PredictionIO-iOS-SDK" */ = {
			isa = XCConfigurationList;
			buildConfigurations = (
				9A974192186CC23600BE4C94 /* Debug */,
				9A974193186CC23600BE4C94 /* Release */,
			);
			defaultConfigurationIsVisible = 0;
			defaultConfigurationName = Release;
		};
		9A974194186CC23600BE4C94 /* Build configuration list for PBXNativeTarget "PredictionIO-iOS-SDK" */ = {
			isa = XCConfigurationList;
			buildConfigurations = (
				9A974195186CC23600BE4C94 /* Debug */,
				9A974196186CC23600BE4C94 /* Release */,
			);
			defaultConfigurationIsVisible = 0;
			defaultConfigurationName = Release;
		};
		9A974197186CC23600BE4C94 /* Build configuration list for PBXNativeTarget "PredictionIO-iOS-SDKTests" */ = {
			isa = XCConfigurationList;
			buildConfigurations = (
				9A974198186CC23600BE4C94 /* Debug */,
				9A974199186CC23600BE4C94 /* Release */,
			);
			defaultConfigurationIsVisible = 0;
			defaultConfigurationName = Release;
		};
		FADFDB2E18F36A74006AFD8A /* Build configuration list for PBXNativeTarget "DemoApp" */ = {
			isa = XCConfigurationList;
			buildConfigurations = (
				FADFDB2A18F36A74006AFD8A /* Debug */,
				FADFDB2B18F36A74006AFD8A /* Release */,
			);
			defaultConfigurationIsVisible = 0;
			defaultConfigurationName = Release;
		};
/* End XCConfigurationList section */
	};
	rootObject = 9A974169186CC23600BE4C94 /* Project object */;
}
